<Solution>
  <Folder Name="/contracts/" />
  <Folder Name="/contracts/platform/">
    <Project Path="contracts/platform/OpenLIMS.Contracts.Platform/OpenLIMS.Contracts.Platform.csproj" />
  </Folder>
  <Folder Name="/contracts/receiving/">
    <Project Path="contracts/receiving/OpenLIMS.Contracts.Receiving/OpenLIMS.Contracts.Receiving.csproj" />
  </Folder>
  <Folder Name="/contracts/labeling/">
    <Project Path="contracts/labeling/OpenLIMS.Contracts.Labeling/OpenLIMS.Contracts.Labeling.csproj" />
  </Folder>
  <Folder Name="/contracts/scope/">
    <Project Path="contracts/scope/OpenLIMS.Contracts.Scope/OpenLIMS.Contracts.Scope.csproj" />
  </Folder>
  <Folder Name="/contracts/quantity/">
    <Project Path="contracts/quantity/OpenLIMS.Contracts.Quantity/OpenLIMS.Contracts.Quantity.csproj" />
  </Folder>
  <Folder Name="/contracts/allocation/">
    <Project Path="contracts/allocation/OpenLIMS.Contracts.Allocation/OpenLIMS.Contracts.Allocation.csproj" />
  </Folder>
  <Folder Name="/contracts/textile/">
    <Project Path="contracts/textile/OpenLIMS.Contracts.Textile/OpenLIMS.Contracts.Textile.csproj" />
  </Folder>
  <Folder Name="/contracts/batch/">
    <Project Path="contracts/batch/OpenLIMS.Contracts.Batch/OpenLIMS.Contracts.Batch.csproj" />
  </Folder>
  <Folder Name="/contracts/result/">
    <Project Path="contracts/result/OpenLIMS.Contracts.Result/OpenLIMS.Contracts.Result.csproj" />
  </Folder>
  <Folder Name="/contracts/billing/">
    <Project Path="contracts/billing/OpenLIMS.Contracts.Billing/OpenLIMS.Contracts.Billing.csproj" />
  </Folder>
  <Folder Name="/contracts/commercial/">
    <Project Path="contracts/commercial/OpenLIMS.Contracts.Commercial/OpenLIMS.Contracts.Commercial.csproj" />
  </Folder>
  <Folder Name="/contracts/operations/">
    <Project Path="contracts/operations/OpenLIMS.Contracts.Operations/OpenLIMS.Contracts.Operations.csproj" />
  </Folder>
  <Folder Name="/contracts/instrument/">
    <Project Path="contracts/instrument/OpenLIMS.Contracts.Instrument/OpenLIMS.Contracts.Instrument.csproj" />
  </Folder>
  <Folder Name="/contracts/qc/">
    <Project Path="contracts/qc/OpenLIMS.Contracts.Qc/OpenLIMS.Contracts.Qc.csproj" />
  </Folder>
  <Folder Name="/contracts/toy/">
    <Project Path="contracts/toy/OpenLIMS.Contracts.Toy/OpenLIMS.Contracts.Toy.csproj" />
  </Folder>
  <Folder Name="/contracts/report/">
    <Project Path="contracts/report/OpenLIMS.Contracts.Report/OpenLIMS.Contracts.Report.csproj" />
  </Folder>
  <Folder Name="/contracts/ai/">
    <Project Path="contracts/ai/OpenLIMS.Contracts.Ai/OpenLIMS.Contracts.Ai.csproj" />
  </Folder>
  <Folder Name="/src/" />
  <Folder Name="/src/building-blocks/">
    <Project Path="src/building-blocks/OpenLIMS.BuildingBlocks.Platform/OpenLIMS.BuildingBlocks.Platform.csproj" />
  </Folder>
  <Folder Name="/src/host/" />
  <Folder Name="/src/host/api/">
    <Project Path="src/host/api/OpenLIMS.Api/OpenLIMS.Api.csproj" />
  </Folder>
  <Folder Name="/src/host/worker/">
    <Project Path="src/host/worker/OpenLIMS.Worker/OpenLIMS.Worker.csproj" />
  </Folder>
  <Folder Name="/src/modules/" />
  <Folder Name="/src/modules/receiving/">
    <Project Path="src/modules/receiving/OpenLIMS.Modules.Receiving/OpenLIMS.Modules.Receiving.csproj" />
  </Folder>
  <Folder Name="/src/modules/labeling/">
    <Project Path="src/modules/labeling/OpenLIMS.Modules.Labeling/OpenLIMS.Modules.Labeling.csproj" />
  </Folder>
  <Folder Name="/src/modules/scope/">
    <Project Path="src/modules/scope/OpenLIMS.Modules.Scope/OpenLIMS.Modules.Scope.csproj" />
  </Folder>
  <Folder Name="/src/modules/quantity/">
    <Project Path="src/modules/quantity/OpenLIMS.Modules.Quantity/OpenLIMS.Modules.Quantity.csproj" />
  </Folder>
  <Folder Name="/src/modules/allocation/">
    <Project Path="src/modules/allocation/OpenLIMS.Modules.Allocation/OpenLIMS.Modules.Allocation.csproj" />
  </Folder>
  <Folder Name="/src/modules/batch/">
    <Project Path="src/modules/batch/OpenLIMS.Modules.Batch/OpenLIMS.Modules.Batch.csproj" />
  </Folder>
  <Folder Name="/src/modules/result/">
    <Project Path="src/modules/result/OpenLIMS.Modules.Result/OpenLIMS.Modules.Result.csproj" />
  </Folder>
  <Folder Name="/src/modules/billing/">
    <Project Path="src/modules/billing/OpenLIMS.Modules.Billing/OpenLIMS.Modules.Billing.csproj" />
  </Folder>
  <Folder Name="/src/modules/commercial/">
    <Project Path="src/modules/commercial/OpenLIMS.Modules.Commercial/OpenLIMS.Modules.Commercial.csproj" />
  </Folder>
  <Folder Name="/src/modules/operations/">
    <Project Path="src/modules/operations/OpenLIMS.Modules.Operations/OpenLIMS.Modules.Operations.csproj" />
  </Folder>
  <Folder Name="/src/modules/instrument/">
    <Project Path="src/modules/instrument/OpenLIMS.Modules.Instrument/OpenLIMS.Modules.Instrument.csproj" />
  </Folder>
  <Folder Name="/src/modules/qc/">
    <Project Path="src/modules/qc/OpenLIMS.Modules.Qc/OpenLIMS.Modules.Qc.csproj" />
  </Folder>
  <Folder Name="/src/modules/toy/">
    <Project Path="src/modules/toy/OpenLIMS.Modules.Toy/OpenLIMS.Modules.Toy.csproj" />
  </Folder>
  <Folder Name="/src/modules/textile/">
    <Project Path="src/modules/textile/OpenLIMS.Modules.Textile/OpenLIMS.Modules.Textile.csproj" />
  </Folder>
  <Folder Name="/src/modules/report/">
    <Project Path="src/modules/report/OpenLIMS.Modules.Report/OpenLIMS.Modules.Report.csproj" />
  </Folder>
  <Folder Name="/tests/" />
  <Folder Name="/tests/architecture/">
    <Project Path="tests/architecture/OpenLIMS.ArchitectureTests/OpenLIMS.ArchitectureTests.csproj" />
  </Folder>
  <Folder Name="/tests/contract/" />
  <Folder Name="/tests/contract/platform/">
    <Project Path="tests/contract/platform/OpenLIMS.Platform.ContractTests/OpenLIMS.Platform.ContractTests.csproj" />
  </Folder>
  <Folder Name="/tests/contract/receiving/">
    <Project Path="tests/contract/receiving/OpenLIMS.Receiving.ContractTests/OpenLIMS.Receiving.ContractTests.csproj" />
  </Folder>
  <Folder Name="/tests/contract/labeling/">
    <Project Path="tests/contract/labeling/OpenLIMS.Labeling.ContractTests/OpenLIMS.Labeling.ContractTests.csproj" />
  </Folder>
  <Folder Name="/tests/contract/scope/">
    <Project Path="tests/contract/scope/OpenLIMS.Scope.ContractTests/OpenLIMS.Scope.ContractTests.csproj" />
  </Folder>
  <Folder Name="/tests/contract/quantity/">
    <Project Path="tests/contract/quantity/OpenLIMS.Quantity.ContractTests/OpenLIMS.Quantity.ContractTests.csproj" />
  </Folder>
  <Folder Name="/tests/contract/allocation/">
    <Project Path="tests/contract/allocation/OpenLIMS.Allocation.ContractTests/OpenLIMS.Allocation.ContractTests.csproj" />
  </Folder>
  <Folder Name="/tests/contract/textile/">
    <Project Path="tests/contract/textile/OpenLIMS.Textile.ContractTests/OpenLIMS.Textile.ContractTests.csproj" />
  </Folder>
  <Folder Name="/tests/contract/batch/">
    <Project Path="tests/contract/batch/OpenLIMS.Batch.ContractTests/OpenLIMS.Batch.ContractTests.csproj" />
  </Folder>
  <Folder Name="/tests/contract/result/">
    <Project Path="tests/contract/result/OpenLIMS.Result.ContractTests/OpenLIMS.Result.ContractTests.csproj" />
  </Folder>
  <Folder Name="/tests/contract/billing/">
    <Project Path="tests/contract/billing/OpenLIMS.Billing.ContractTests/OpenLIMS.Billing.ContractTests.csproj" />
  </Folder>
  <Folder Name="/tests/contract/commercial/">
    <Project Path="tests/contract/commercial/OpenLIMS.Commercial.ContractTests/OpenLIMS.Commercial.ContractTests.csproj" />
  </Folder>
  <Folder Name="/tests/contract/operations/">
    <Project Path="tests/contract/operations/OpenLIMS.Operations.ContractTests/OpenLIMS.Operations.ContractTests.csproj" />
  </Folder>
  <Folder Name="/tests/contract/instrument/">
    <Project Path="tests/contract/instrument/OpenLIMS.Instrument.ContractTests/OpenLIMS.Instrument.ContractTests.csproj" />
  </Folder>
  <Folder Name="/tests/contract/qc/">
    <Project Path="tests/contract/qc/OpenLIMS.Qc.ContractTests/OpenLIMS.Qc.ContractTests.csproj" />
  </Folder>
  <Folder Name="/tests/contract/toy/">
    <Project Path="tests/contract/toy/OpenLIMS.Toy.ContractTests/OpenLIMS.Toy.ContractTests.csproj" />
  </Folder>
  <Folder Name="/tests/contract/report/">
    <Project Path="tests/contract/report/OpenLIMS.Report.ContractTests/OpenLIMS.Report.ContractTests.csproj" />
  </Folder>
  <Folder Name="/tests/contract/ai/">
    <Project Path="tests/contract/ai/OpenLIMS.Ai.ContractTests/OpenLIMS.Ai.ContractTests.csproj" />
  </Folder>
  <Folder Name="/tests/e2e/" />
  <Folder Name="/tests/e2e/chain/">
    <Project Path="tests/e2e/chain/OpenLIMS.Platform.ChainE2ETests/OpenLIMS.Platform.ChainE2ETests.csproj" />
  </Folder>
  <Folder Name="/tests/e2e/smoke/">
    <Project Path="tests/e2e/smoke/OpenLIMS.Platform.SmokeTests/OpenLIMS.Platform.SmokeTests.csproj" />
  </Folder>
  <Folder Name="/tests/fixtures/" />
  <Folder Name="/tests/fixtures/modules/">
    <Project Path="tests/fixtures/modules/OpenLIMS.Testing.ModuleFixture/OpenLIMS.Testing.ModuleFixture.csproj" />
  </Folder>
  <Folder Name="/tests/integration/" />
  <Folder Name="/tests/integration/platform/">
    <Project Path="tests/integration/platform/OpenLIMS.Platform.IntegrationTests/OpenLIMS.Platform.IntegrationTests.csproj" />
  </Folder>
  <Folder Name="/tests/integration/receiving/">
    <Project Path="tests/integration/receiving/OpenLIMS.Receiving.IntegrationTests/OpenLIMS.Receiving.IntegrationTests.csproj" />
  </Folder>
  <Folder Name="/tests/integration/labeling/">
    <Project Path="tests/integration/labeling/OpenLIMS.Labeling.IntegrationTests/OpenLIMS.Labeling.IntegrationTests.csproj" />
  </Folder>
  <Folder Name="/tests/integration/scope/">
    <Project Path="tests/integration/scope/OpenLIMS.Scope.IntegrationTests/OpenLIMS.Scope.IntegrationTests.csproj" />
  </Folder>
  <Folder Name="/tests/integration/quantity/">
    <Project Path="tests/integration/quantity/OpenLIMS.Quantity.IntegrationTests/OpenLIMS.Quantity.IntegrationTests.csproj" />
  </Folder>
  <Folder Name="/tests/integration/allocation/">
    <Project Path="tests/integration/allocation/OpenLIMS.Allocation.IntegrationTests/OpenLIMS.Allocation.IntegrationTests.csproj" />
  </Folder>
  <Folder Name="/tests/integration/batch/">
    <Project Path="tests/integration/batch/OpenLIMS.Batch.IntegrationTests/OpenLIMS.Batch.IntegrationTests.csproj" />
  </Folder>
  <Folder Name="/tests/integration/result/">
    <Project Path="tests/integration/result/OpenLIMS.Result.IntegrationTests/OpenLIMS.Result.IntegrationTests.csproj" />
  </Folder>
  <Folder Name="/tests/integration/billing/">
    <Project Path="tests/integration/billing/OpenLIMS.Billing.IntegrationTests/OpenLIMS.Billing.IntegrationTests.csproj" />
  </Folder>
  <Folder Name="/tests/integration/commercial/">
    <Project Path="tests/integration/commercial/OpenLIMS.Commercial.IntegrationTests/OpenLIMS.Commercial.IntegrationTests.csproj" />
  </Folder>
  <Folder Name="/tests/integration/operations/">
    <Project Path="tests/integration/operations/OpenLIMS.Operations.IntegrationTests/OpenLIMS.Operations.IntegrationTests.csproj" />
  </Folder>
  <Folder Name="/tests/integration/instrument/">
    <Project Path="tests/integration/instrument/OpenLIMS.Instrument.IntegrationTests/OpenLIMS.Instrument.IntegrationTests.csproj" />
  </Folder>
  <Folder Name="/tests/integration/qc/">
    <Project Path="tests/integration/qc/OpenLIMS.Qc.IntegrationTests/OpenLIMS.Qc.IntegrationTests.csproj" />
  </Folder>
  <Folder Name="/tests/integration/toy/">
    <Project Path="tests/integration/toy/OpenLIMS.Toy.IntegrationTests/OpenLIMS.Toy.IntegrationTests.csproj" />
  </Folder>
  <Folder Name="/tests/integration/textile/">
    <Project Path="tests/integration/textile/OpenLIMS.Textile.IntegrationTests/OpenLIMS.Textile.IntegrationTests.csproj" />
  </Folder>
  <Folder Name="/tests/integration/report/">
    <Project Path="tests/integration/report/OpenLIMS.Report.IntegrationTests/OpenLIMS.Report.IntegrationTests.csproj" />
  </Folder>
  <Folder Name="/tests/unit/" />
  <Folder Name="/tests/unit/platform/">
    <Project Path="tests/unit/platform/OpenLIMS.Platform.UnitTests/OpenLIMS.Platform.UnitTests.csproj" />
  </Folder>
  <Folder Name="/tests/unit/receiving/">
    <Project Path="tests/unit/receiving/OpenLIMS.Receiving.UnitTests/OpenLIMS.Receiving.UnitTests.csproj" />
  </Folder>
  <Folder Name="/tests/unit/labeling/">
    <Project Path="tests/unit/labeling/OpenLIMS.Labeling.UnitTests/OpenLIMS.Labeling.UnitTests.csproj" />
  </Folder>
  <Folder Name="/tests/unit/scope/">
    <Project Path="tests/unit/scope/OpenLIMS.Scope.UnitTests/OpenLIMS.Scope.UnitTests.csproj" />
  </Folder>
  <Folder Name="/tests/unit/quantity/">
    <Project Path="tests/unit/quantity/OpenLIMS.Quantity.UnitTests/OpenLIMS.Quantity.UnitTests.csproj" />
  </Folder>
  <Folder Name="/tests/unit/allocation/">
    <Project Path="tests/unit/allocation/OpenLIMS.Allocation.UnitTests/OpenLIMS.Allocation.UnitTests.csproj" />
  </Folder>
  <Folder Name="/tests/unit/batch/">
    <Project Path="tests/unit/batch/OpenLIMS.Batch.UnitTests/OpenLIMS.Batch.UnitTests.csproj" />
  </Folder>
  <Folder Name="/tests/unit/result/">
    <Project Path="tests/unit/result/OpenLIMS.Result.UnitTests/OpenLIMS.Result.UnitTests.csproj" />
  </Folder>
  <Folder Name="/tests/unit/billing/">
    <Project Path="tests/unit/billing/OpenLIMS.Billing.UnitTests/OpenLIMS.Billing.UnitTests.csproj" />
  </Folder>
  <Folder Name="/tests/unit/commercial/">
    <Project Path="tests/unit/commercial/OpenLIMS.Commercial.UnitTests/OpenLIMS.Commercial.UnitTests.csproj" />
  </Folder>
  <Folder Name="/tests/unit/operations/">
    <Project Path="tests/unit/operations/OpenLIMS.Operations.UnitTests/OpenLIMS.Operations.UnitTests.csproj" />
  </Folder>
  <Folder Name="/tests/unit/instrument/">
    <Project Path="tests/unit/instrument/OpenLIMS.Instrument.UnitTests/OpenLIMS.Instrument.UnitTests.csproj" />
  </Folder>
  <Folder Name="/tests/unit/qc/">
    <Project Path="tests/unit/qc/OpenLIMS.Qc.UnitTests/OpenLIMS.Qc.UnitTests.csproj" />
  </Folder>
  <Folder Name="/tests/unit/toy/">
    <Project Path="tests/unit/toy/OpenLIMS.Toy.UnitTests/OpenLIMS.Toy.UnitTests.csproj" />
  </Folder>
  <Folder Name="/tests/unit/textile/">
    <Project Path="tests/unit/textile/OpenLIMS.Textile.UnitTests/OpenLIMS.Textile.UnitTests.csproj" />
  </Folder>
  <Folder Name="/tests/unit/report/">
    <Project Path="tests/unit/report/OpenLIMS.Report.UnitTests/OpenLIMS.Report.UnitTests.csproj" />
  </Folder>
</Solution>
