<Solution>
  <Folder Name="/contracts/" />
  <Folder Name="/contracts/platform/">
    <Project Path="contracts/platform/OpenLIMS.Contracts.Platform/OpenLIMS.Contracts.Platform.csproj" />
  </Folder>
  <Folder Name="/contracts/receiving/">
    <Project Path="contracts/receiving/OpenLIMS.Contracts.Receiving/OpenLIMS.Contracts.Receiving.csproj" />
  </Folder>
  <Folder Name="/contracts/labeling/">
    <Project Path="contracts/labeling/OpenLIMS.Contracts.Labeling/OpenLIMS.Contracts.Labeling.csproj" />
  </Folder>
  <Folder Name="/contracts/scope/">
    <Project Path="contracts/scope/OpenLIMS.Contracts.Scope/OpenLIMS.Contracts.Scope.csproj" />
  </Folder>
  <Folder Name="/contracts/quantity/">
    <Project Path="contracts/quantity/OpenLIMS.Contracts.Quantity/OpenLIMS.Contracts.Quantity.csproj" />
  </Folder>
  <Folder Name="/contracts/allocation/">
    <Project Path="contracts/allocation/OpenLIMS.Contracts.Allocation/OpenLIMS.Contracts.Allocation.csproj" />
  </Folder>
  <Folder Name="/contracts/textile/">
    <Project Path="contracts/textile/OpenLIMS.Contracts.Textile/OpenLIMS.Contracts.Textile.csproj" />
  </Folder>
  <Folder Name="/src/" />
  <Folder Name="/src/building-blocks/">
    <Project Path="src/building-blocks/OpenLIMS.BuildingBlocks.Platform/OpenLIMS.BuildingBlocks.Platform.csproj" />
  </Folder>
  <Folder Name="/src/host/" />
  <Folder Name="/src/host/api/">
    <Project Path="src/host/api/OpenLIMS.Api/OpenLIMS.Api.csproj" />
  </Folder>
  <Folder Name="/src/host/worker/">
    <Project Path="src/host/worker/OpenLIMS.Worker/OpenLIMS.Worker.csproj" />
  </Folder>
  <Folder Name="/src/modules/" />
  <Folder Name="/src/modules/receiving/">
    <Project Path="src/modules/receiving/OpenLIMS.Modules.Receiving/OpenLIMS.Modules.Receiving.csproj" />
  </Folder>
  <Folder Name="/src/modules/labeling/">
    <Project Path="src/modules/labeling/OpenLIMS.Modules.Labeling/OpenLIMS.Modules.Labeling.csproj" />
  </Folder>
  <Folder Name="/src/modules/scope/">
    <Project Path="src/modules/scope/OpenLIMS.Modules.Scope/OpenLIMS.Modules.Scope.csproj" />
  </Folder>
  <Folder Name="/src/modules/quantity/">
    <Project Path="src/modules/quantity/OpenLIMS.Modules.Quantity/OpenLIMS.Modules.Quantity.csproj" />
  </Folder>
  <Folder Name="/src/modules/allocation/">
    <Project Path="src/modules/allocation/OpenLIMS.Modules.Allocation/OpenLIMS.Modules.Allocation.csproj" />
  </Folder>
  <Folder Name="/tests/" />
  <Folder Name="/tests/architecture/">
    <Project Path="tests/architecture/OpenLIMS.ArchitectureTests/OpenLIMS.ArchitectureTests.csproj" />
  </Folder>
  <Folder Name="/tests/contract/" />
  <Folder Name="/tests/contract/platform/">
    <Project Path="tests/contract/platform/OpenLIMS.Platform.ContractTests/OpenLIMS.Platform.ContractTests.csproj" />
  </Folder>
  <Folder Name="/tests/contract/receiving/">
    <Project Path="tests/contract/receiving/OpenLIMS.Receiving.ContractTests/OpenLIMS.Receiving.ContractTests.csproj" />
  </Folder>
  <Folder Name="/tests/contract/labeling/">
    <Project Path="tests/contract/labeling/OpenLIMS.Labeling.ContractTests/OpenLIMS.Labeling.ContractTests.csproj" />
  </Folder>
  <Folder Name="/tests/contract/scope/">
    <Project Path="tests/contract/scope/OpenLIMS.Scope.ContractTests/OpenLIMS.Scope.ContractTests.csproj" />
  </Folder>
  <Folder Name="/tests/contract/quantity/">
    <Project Path="tests/contract/quantity/OpenLIMS.Quantity.ContractTests/OpenLIMS.Quantity.ContractTests.csproj" />
  </Folder>
  <Folder Name="/tests/contract/allocation/">
    <Project Path="tests/contract/allocation/OpenLIMS.Allocation.ContractTests/OpenLIMS.Allocation.ContractTests.csproj" />
  </Folder>
  <Folder Name="/tests/contract/textile/">
    <Project Path="tests/contract/textile/OpenLIMS.Textile.ContractTests/OpenLIMS.Textile.ContractTests.csproj" />
  </Folder>
  <Folder Name="/tests/e2e/" />
  <Folder Name="/tests/e2e/smoke/">
    <Project Path="tests/e2e/smoke/OpenLIMS.Platform.SmokeTests/OpenLIMS.Platform.SmokeTests.csproj" />
  </Folder>
  <Folder Name="/tests/fixtures/" />
  <Folder Name="/tests/fixtures/modules/">
    <Project Path="tests/fixtures/modules/OpenLIMS.Testing.ModuleFixture/OpenLIMS.Testing.ModuleFixture.csproj" />
  </Folder>
  <Folder Name="/tests/integration/" />
  <Folder Name="/tests/integration/platform/">
    <Project Path="tests/integration/platform/OpenLIMS.Platform.IntegrationTests/OpenLIMS.Platform.IntegrationTests.csproj" />
  </Folder>
  <Folder Name="/tests/integration/receiving/">
    <Project Path="tests/integration/receiving/OpenLIMS.Receiving.IntegrationTests/OpenLIMS.Receiving.IntegrationTests.csproj" />
  </Folder>
  <Folder Name="/tests/integration/labeling/">
    <Project Path="tests/integration/labeling/OpenLIMS.Labeling.IntegrationTests/OpenLIMS.Labeling.IntegrationTests.csproj" />
  </Folder>
  <Folder Name="/tests/integration/scope/">
    <Project Path="tests/integration/scope/OpenLIMS.Scope.IntegrationTests/OpenLIMS.Scope.IntegrationTests.csproj" />
  </Folder>
  <Folder Name="/tests/integration/quantity/">
    <Project Path="tests/integration/quantity/OpenLIMS.Quantity.IntegrationTests/OpenLIMS.Quantity.IntegrationTests.csproj" />
  </Folder>
  <Folder Name="/tests/integration/allocation/">
    <Project Path="tests/integration/allocation/OpenLIMS.Allocation.IntegrationTests/OpenLIMS.Allocation.IntegrationTests.csproj" />
  </Folder>
  <Folder Name="/tests/unit/" />
  <Folder Name="/tests/unit/platform/">
    <Project Path="tests/unit/platform/OpenLIMS.Platform.UnitTests/OpenLIMS.Platform.UnitTests.csproj" />
  </Folder>
  <Folder Name="/tests/unit/receiving/">
    <Project Path="tests/unit/receiving/OpenLIMS.Receiving.UnitTests/OpenLIMS.Receiving.UnitTests.csproj" />
  </Folder>
  <Folder Name="/tests/unit/labeling/">
    <Project Path="tests/unit/labeling/OpenLIMS.Labeling.UnitTests/OpenLIMS.Labeling.UnitTests.csproj" />
  </Folder>
  <Folder Name="/tests/unit/scope/">
    <Project Path="tests/unit/scope/OpenLIMS.Scope.UnitTests/OpenLIMS.Scope.UnitTests.csproj" />
  </Folder>
  <Folder Name="/tests/unit/quantity/">
    <Project Path="tests/unit/quantity/OpenLIMS.Quantity.UnitTests/OpenLIMS.Quantity.UnitTests.csproj" />
  </Folder>
  <Folder Name="/tests/unit/allocation/">
    <Project Path="tests/unit/allocation/OpenLIMS.Allocation.UnitTests/OpenLIMS.Allocation.UnitTests.csproj" />
  </Folder>
</Solution>
